{
  "name": "nodent-compiler",
  "version": "3.1.0",
  "lockfileVersion": 1,
  "requires": true,
  "dependencies": {
    "acorn": {
      "version": "5.1.1",
      "resolved": "https://registry.npmjs.org/acorn/-/acorn-5.1.1.tgz",
      "integrity": "sha512-vOk6uEMctu0vQrvuSqFdJyqj1Q0S5VTDL79qtjo+DhRr+1mmaD+tluFSCZqhvi/JUhXSzoZN2BhtstaPEeE8cw=="
    },
    "acorn-es7-plugin": {
      "version": "1.1.7",
      "resolved": "https://registry.npmjs.org/acorn-es7-plugin/-/acorn-es7-plugin-1.1.7.tgz",
      "integrity": "sha1-8u4fMiipDurRJF+asZIusucdM2s="
    },
    "source-map": {
      "version": "0.5.6",
      "resolved": "https://registry.npmjs.org/source-map/-/source-map-0.5.6.tgz",
      "integrity": "sha1-dc449SvwczxafwwRjYEzSiu19BI="
    }
  }
}
