{
  "name": "nodent-compiler",
  "version": "3.2.9",
  "lockfileVersion": 1,
  "requires": true,
  "dependencies": {
    "acorn": {
      "version": "5.5.3",
      "resolved": "https://registry.npmjs.org/acorn/-/acorn-5.5.3.tgz",
      "integrity": "sha1-9HPdR+AnegjijpvsWu6wR1HwuMk="
    },
    "acorn-es7-plugin": {
      "version": "1.1.7",
      "resolved": "https://registry.npmjs.org/acorn-es7-plugin/-/acorn-es7-plugin-1.1.7.tgz",
      "integrity": "sha1-8u4fMiipDurRJF+asZIusucdM2s="
    },
    "nodent-runtime": {
      "version": "3.2.1",
      "resolved": "https://registry.npmjs.org/nodent-runtime/-/nodent-runtime-3.2.1.tgz",
      "integrity": "sha1-nidV2F4592Qojw1HUuvP4+VB4A4=",
      "dev": true
    },
    "nodent-transform": {
      "version": "3.2.4",
      "resolved": "https://registry.npmjs.org/nodent-transform/-/nodent-transform-3.2.4.tgz",
      "integrity": "sha1-ZB9R7PgtnDNjO4uaKNKgAw86kuQ="
    },
    "source-map": {
      "version": "0.5.7",
      "resolved": "https://registry.npmjs.org/source-map/-/source-map-0.5.7.tgz",
      "integrity": "sha1-igOdLRAh0i0eoUyA2OpGi6LvP8w="
    }
  }
}
