{
  "name": "nodent-compiler",
  "version": "3.2.0",
  "lockfileVersion": 1,
  "requires": true,
  "dependencies": {
    "acorn": {
      "version": "5.1.2",
      "resolved": "https://registry.npmjs.org/acorn/-/acorn-5.1.2.tgz",
      "integrity": "sha512-o96FZLJBPY1lvTuJylGA9Bk3t/GKPPJG8H0ydQQl01crzwJgspa4AEIq/pVTXigmK0PHVQhiAtn8WMBLL9D2WA=="
    },
    "acorn-es7-plugin": {
      "version": "1.1.7",
      "resolved": "https://registry.npmjs.org/acorn-es7-plugin/-/acorn-es7-plugin-1.1.7.tgz",
      "integrity": "sha1-8u4fMiipDurRJF+asZIusucdM2s="
    },
    "nodent-runtime": {
      "version": "3.2.0",
      "resolved": "https://registry.npmjs.org/nodent-runtime/-/nodent-runtime-3.2.0.tgz",
      "integrity": "sha512-vpc9vNZmLiTgQO/0ecoX0rogUSikHRj6hPTCO4pW0cJQiozdhhfxsb3TfNi9pzrpNVG71c7oXWRocbfdvkuhWw=="
    },
    "source-map": {
      "version": "0.5.7",
      "resolved": "https://registry.npmjs.org/source-map/-/source-map-0.5.7.tgz",
      "integrity": "sha1-igOdLRAh0i0eoUyA2OpGi6LvP8w="
    }
  }
}
